
Microsoft Visual Studio Solution File, Format Version 12.00
# Visual Studio Version 17
VisualStudioVersion = 17.3.32819.101
MinimumVisualStudioVersion = 10.0.40219.1
Project("{9A19103F-16F7-4668-BE54-9A1E7A4F7556}") = "ConsoleApp", "ConsoleApp\ConsoleApp.csproj", "{2F9DB366-7FFC-4EBF-ADC8-00D3CE63FC01}"
EndProject
Project("{9A19103F-16F7-4668-BE54-9A1E7A4F7556}") = "WinFormsApp", "WinFormsApp\WinFormsApp.csproj", "{445223BF-326E-499E-A82A-8512C87A839E}"
EndProject
Project("{9A19103F-16F7-4668-BE54-9A1E7A4F7556}") = "Monogame_skolspel", "Monogame_skolspel\Monogame_skolspel.csproj", "{5FCC6203-2DB4-43BA-AE9A-73FD1C76E64F}"
EndProject
Global
	GlobalSection(SolutionConfigurationPlatforms) = preSolution
		Debug|Any CPU = Debug|Any CPU
		Release|Any CPU = Release|Any CPU
	EndGlobalSection
	GlobalSection(ProjectConfigurationPlatforms) = postSolution
		{2F9DB366-7FFC-4EBF-ADC8-00D3CE63FC01}.Debug|Any CPU.ActiveCfg = Debug|Any CPU
		{2F9DB366-7FFC-4EBF-ADC8-00D3CE63FC01}.Debug|Any CPU.Build.0 = Debug|Any CPU
		{2F9DB366-7FFC-4EBF-ADC8-00D3CE63FC01}.Release|Any CPU.ActiveCfg = Release|Any CPU
		{2F9DB366-7FFC-4EBF-ADC8-00D3CE63FC01}.Release|Any CPU.Build.0 = Release|Any CPU
		{445223BF-326E-499E-A82A-8512C87A839E}.Debug|Any CPU.ActiveCfg = Debug|Any CPU
		{445223BF-326E-499E-A82A-8512C87A839E}.Debug|Any CPU.Build.0 = Debug|Any CPU
		{445223BF-326E-499E-A82A-8512C87A839E}.Release|Any CPU.ActiveCfg = Release|Any CPU
		{445223BF-326E-499E-A82A-8512C87A839E}.Release|Any CPU.Build.0 = Release|Any CPU
		{5FCC6203-2DB4-43BA-AE9A-73FD1C76E64F}.Debug|Any CPU.ActiveCfg = Debug|Any CPU
		{5FCC6203-2DB4-43BA-AE9A-73FD1C76E64F}.Debug|Any CPU.Build.0 = Debug|Any CPU
		{5FCC6203-2DB4-43BA-AE9A-73FD1C76E64F}.Release|Any CPU.ActiveCfg = Release|Any CPU
		{5FCC6203-2DB4-43BA-AE9A-73FD1C76E64F}.Release|Any CPU.Build.0 = Release|Any CPU
	EndGlobalSection
	GlobalSection(SolutionProperties) = preSolution
		HideSolutionNode = FALSE
	EndGlobalSection
	GlobalSection(ExtensibilityGlobals) = postSolution
		SolutionGuid = {F7B625D4-620E-4F2C-ACA7-CA96518E87D6}
	EndGlobalSection
EndGlobal
